{
  "requires": true,
  "lockfileVersion": 1,
  "dependencies": {
    "swagger-ui-dist": {
      "version": "3.20.8",
      "resolved": "https://registry.npmjs.org/swagger-ui-dist/-/swagger-ui-dist-3.20.8.tgz",
      "integrity": "sha512-dAvW8CVqJXYVVf8i7sppkpEGxzmXEKMkCYhNseSBUmkhb9IzENNaz5qVRrNEeCbDKNdJlrSKiilZy6cSHKL+ug=="
    }
  }
}
