# THIS IS AN AUTOGENERATED FILE. DO NOT EDIT THIS FILE DIRECTLY.
# yarn lockfile v1


swagger-ui-dist@^3.20.8:
  version "3.22.2"
  resolved "https://registry.yarnpkg.com/swagger-ui-dist/-/swagger-ui-dist-3.22.2.tgz#450e9627ddfc634b3ef8dac98da7c92b952afdca"
  integrity sha512-37RuIYRKjFfoLPctzA2dWvBMJjWa1GLc0NgmubuRbr16b3pSuf9S0rY+82l6F86VV4xlgdPiLMcOZhqcIg/OOg==
