# THIS IS AN AUTOGENERATED FILE. DO NOT EDIT THIS FILE DIRECTLY.
# yarn lockfile v1


swagger-ui-dist@^3.25.0:
  version "3.25.0"
  resolved "https://registry.yarnpkg.com/swagger-ui-dist/-/swagger-ui-dist-3.25.0.tgz#90279cdcc56e591fcfbe7b5240a9d653b989336d"
  integrity sha512-vwvJPPbdooTvDwLGzjIXinOXizDJJ6U1hxnJL3y6U3aL1d2MSXDmKg2139XaLBhsVZdnQJV2bOkX4reB+RXamg==
